# This file is generated by running "yarn install" inside your project.
# Manual changes might be lost - proceed with caution!

__metadata:
  version: 4
  cacheKey: 8

"@microsoft/api-documenter@npm:^7.13.48":
  version: 7.13.48
  resolution: "@microsoft/api-documenter@npm:7.13.48"
  dependencies:
    "@microsoft/api-extractor-model": 7.13.6
    "@microsoft/tsdoc": 0.13.2
    "@rushstack/node-core-library": 3.40.1
    "@rushstack/ts-command-line": 4.9.0
    colors: ~1.2.1
    js-yaml: ~3.13.1
    resolve: ~1.17.0
  bin:
    api-documenter: bin/api-documenter
  checksum: c4f578c28d63db1059cc6ddc7e150366da38b0b6060b30ea1324b18a924288adecc86898a86ef5bb2f875089c2cb3d0e78233fc2fb26c6d020791795370b447f
  languageName: node
  linkType: hard

"@microsoft/api-extractor-model@npm:7.13.6":
  version: 7.13.6
  resolution: "@microsoft/api-extractor-model@npm:7.13.6"
  dependencies:
    "@microsoft/tsdoc": 0.13.2
    "@microsoft/tsdoc-config": ~0.15.2
    "@rushstack/node-core-library": 3.40.1
  checksum: 34ee1406126f9a662232271834b66a39aa5f6c00a24043997b3f96300e4654a52e8f8326026b20e2b35a6af8e10f2ca37f82dceea2a90281870fbcba5bdc1874
  languageName: node
  linkType: hard

"@microsoft/tsdoc-config@npm:~0.15.2":
  version: 0.15.2
  resolution: "@microsoft/tsdoc-config@npm:0.15.2"
  dependencies:
    "@microsoft/tsdoc": 0.13.2
    ajv: ~6.12.6
    jju: ~1.4.0
    resolve: ~1.19.0
  checksum: 85eb7808d4e4541199437f39e6aed235aaece0a6d0fd05c0b923067d494d20baca483fc6871880d09630f6d4e62b8bb99af0fde503eb2b2ded1b7ae5f74dfaf3
  languageName: node
  linkType: hard

"@microsoft/tsdoc@npm:0.13.2, @microsoft/tsdoc@npm:^0.13.2":
  version: 0.13.2
  resolution: "@microsoft/tsdoc@npm:0.13.2"
  checksum: 70948c5647495ef99752ff500e0f612c1fcf3476ea663ace19937e4d2f86fd78f0ad92ea5876d67e06b421f347d571b3d9e49c444935dc267768d5afd15581f8
  languageName: node
  linkType: hard

"@rushstack/node-core-library@npm:3.40.1":
  version: 3.40.1
  resolution: "@rushstack/node-core-library@npm:3.40.1"
  dependencies:
    "@types/node": 10.17.13
    colors: ~1.2.1
    fs-extra: ~7.0.1
    import-lazy: ~4.0.0
    jju: ~1.4.0
    resolve: ~1.17.0
    semver: ~7.3.0
    timsort: ~0.3.0
    z-schema: ~3.18.3
  checksum: 9e9fa25f3d9a4dffffe14bbce98c67bbda5290d5d4464d5a5016523cf0a9b344a5d9b07cfe72c71c21b7236fadccbeedda2342d30964cd543acb98c9963fddf3
  languageName: node
  linkType: hard

"@rushstack/ts-command-line@npm:4.9.0":
  version: 4.9.0
  resolution: "@rushstack/ts-command-line@npm:4.9.0"
  dependencies:
    "@types/argparse": 1.0.38
    argparse: ~1.0.9
    colors: ~1.2.1
    string-argv: ~0.3.1
  checksum: b9964f6f5d4cc045778ce6912c3ef878eb3dfebcc08e38c76e9b782ed77579b9b5f7f0e76b22ec569ada0653d6d961fcf6acd21f5e6986cc860bb8bbcd5a475a
  languageName: node
  linkType: hard

"@tsconfig/node16@npm:^1.0.2":
  version: 1.0.2
  resolution: "@tsconfig/node16@npm:1.0.2"
  checksum: ca94d3639714672bbfd55f03521d3f56bb6a25479bd425da81faf21f13e1e9d15f40f97377dedbbf477a5841c5b0c8f4cd1b391f33553d750b9202c54c2c07aa
  languageName: node
  linkType: hard

"@types/argparse@npm:1.0.38":
  version: 1.0.38
  resolution: "@types/argparse@npm:1.0.38"
  checksum: 26ed7e3f1e3595efdb883a852f5205f971b798e4c28b7e30a32c5298eee596e8b45834ce831f014d250b9730819ab05acff5b31229666d3af4ba465b4697d0eb
  languageName: node
  linkType: hard

"@types/node@npm:10.17.13":
  version: 10.17.13
  resolution: "@types/node@npm:10.17.13"
  checksum: fe9f1574869344b0e58f5877c13903e4445356b921c976ca63ea2c8d286c3d4aded317011030dd4be7b94d5e3766a601cb7cfe3eda496bd6aef1846ab8c6c09b
  languageName: node
  linkType: hard

"@types/node@npm:^16.9.1":
  version: 16.9.1
  resolution: "@types/node@npm:16.9.1"
  checksum: 41afcf183a22d59323a0199dd7e0f46591247f45fc08a4434edb26d56dc279ae4fdb80f37989ddd7a0f45e3857c4933e6e82057ede09c5a829f77e373e680375
  languageName: node
  linkType: hard

"ajv@npm:~6.12.6":
  version: 6.12.6
  resolution: "ajv@npm:6.12.6"
  dependencies:
    fast-deep-equal: ^3.1.1
    fast-json-stable-stringify: ^2.0.0
    json-schema-traverse: ^0.4.1
    uri-js: ^4.2.2
  checksum: 874972efe5c4202ab0a68379481fbd3d1b5d0a7bd6d3cc21d40d3536ebff3352a2a1fabb632d4fd2cc7fe4cbdcd5ed6782084c9bbf7f32a1536d18f9da5007d4
  languageName: node
  linkType: hard

"argparse@npm:^1.0.7, argparse@npm:~1.0.9":
  version: 1.0.10
  resolution: "argparse@npm:1.0.10"
  dependencies:
    sprintf-js: ~1.0.2
  checksum: 7ca6e45583a28de7258e39e13d81e925cfa25d7d4aacbf806a382d3c02fcb13403a07fb8aeef949f10a7cfe4a62da0e2e807b348a5980554cc28ee573ef95945
  languageName: node
  linkType: hard

"colors@npm:~1.2.1":
  version: 1.2.5
  resolution: "colors@npm:1.2.5"
  checksum: b6e23de735f68b72d5cdf6fd854ca43d1b66d82dcf54bda0b788083b910164a040f2c4edf23c670d36a7a2d8f1b7d6e62e3292703e4642691e6ccaa1c62d8f74
  languageName: node
  linkType: hard

"commander@npm:^2.7.1":
  version: 2.20.3
  resolution: "commander@npm:2.20.3"
  checksum: ab8c07884e42c3a8dbc5dd9592c606176c7eb5c1ca5ff274bcf907039b2c41de3626f684ea75ccf4d361ba004bbaff1f577d5384c155f3871e456bdf27becf9e
  languageName: node
  linkType: hard

"esprima@npm:^4.0.0":
  version: 4.0.1
  resolution: "esprima@npm:4.0.1"
  bin:
    esparse: ./bin/esparse.js
    esvalidate: ./bin/esvalidate.js
  checksum: b45bc805a613dbea2835278c306b91aff6173c8d034223fa81498c77dcbce3b2931bf6006db816f62eacd9fd4ea975dfd85a5b7f3c6402cfd050d4ca3c13a628
  languageName: node
  linkType: hard

"fast-deep-equal@npm:^3.1.1":
  version: 3.1.3
  resolution: "fast-deep-equal@npm:3.1.3"
  checksum: e21a9d8d84f53493b6aa15efc9cfd53dd5b714a1f23f67fb5dc8f574af80df889b3bce25dc081887c6d25457cce704e636395333abad896ccdec03abaf1f3f9d
  languageName: node
  linkType: hard

"fast-json-stable-stringify@npm:^2.0.0":
  version: 2.1.0
  resolution: "fast-json-stable-stringify@npm:2.1.0"
  checksum: b191531e36c607977e5b1c47811158733c34ccb3bfde92c44798929e9b4154884378536d26ad90dfecd32e1ffc09c545d23535ad91b3161a27ddbb8ebe0cbecb
  languageName: node
  linkType: hard

"fs-extra@npm:~7.0.1":
  version: 7.0.1
  resolution: "fs-extra@npm:7.0.1"
  dependencies:
    graceful-fs: ^4.1.2
    jsonfile: ^4.0.0
    universalify: ^0.1.0
  checksum: 141b9dccb23b66a66cefdd81f4cda959ff89282b1d721b98cea19ba08db3dcbe6f862f28841f3cf24bb299e0b7e6c42303908f65093cb7e201708e86ea5a8dcf
  languageName: node
  linkType: hard

"function-bind@npm:^1.1.1":
  version: 1.1.1
  resolution: "function-bind@npm:1.1.1"
  checksum: b32fbaebb3f8ec4969f033073b43f5c8befbb58f1a79e12f1d7490358150359ebd92f49e72ff0144f65f2c48ea2a605bff2d07965f548f6474fd8efd95bf361a
  languageName: node
  linkType: hard

"graceful-fs@npm:^4.1.2, graceful-fs@npm:^4.1.6":
  version: 4.2.8
  resolution: "graceful-fs@npm:4.2.8"
  checksum: 5d224c8969ad0581d551dfabdb06882706b31af2561bd5e2034b4097e67cc27d05232849b8643866585fd0a41c7af152950f8776f4dd5579e9853733f31461c6
  languageName: node
  linkType: hard

"has@npm:^1.0.3":
  version: 1.0.3
  resolution: "has@npm:1.0.3"
  dependencies:
    function-bind: ^1.1.1
  checksum: b9ad53d53be4af90ce5d1c38331e712522417d017d5ef1ebd0507e07c2fbad8686fffb8e12ddecd4c39ca9b9b47431afbb975b8abf7f3c3b82c98e9aad052792
  languageName: node
  linkType: hard

"import-lazy@npm:~4.0.0":
  version: 4.0.0
  resolution: "import-lazy@npm:4.0.0"
  checksum: 22f5e51702134aef78890156738454f620e5fe7044b204ebc057c614888a1dd6fdf2ede0fdcca44d5c173fd64f65c985f19a51775b06967ef58cc3d26898df07
  languageName: node
  linkType: hard

"is-core-module@npm:^2.1.0":
  version: 2.6.0
  resolution: "is-core-module@npm:2.6.0"
  dependencies:
    has: ^1.0.3
  checksum: 183b3b96fed19822b13959876b0317e61fc2cb5ebcbc21639904c81f7ae328af57f8e18cc4750a9c4abebd686130c70d34a89521e57dbe002edfa4614507ce18
  languageName: node
  linkType: hard

"jju@npm:~1.4.0":
  version: 1.4.0
  resolution: "jju@npm:1.4.0"
  checksum: 3790481bd2b7827dd6336e6e3dc2dcc6d425679ba7ebde7b679f61dceb4457ea0cda330972494de608571f4973c6dfb5f70fab6f3c5037dbab19ac449a60424f
  languageName: node
  linkType: hard

"js-yaml@npm:~3.13.1":
  version: 3.13.1
  resolution: "js-yaml@npm:3.13.1"
  dependencies:
    argparse: ^1.0.7
    esprima: ^4.0.0
  bin:
    js-yaml: bin/js-yaml.js
  checksum: 7511b764abb66d8aa963379f7d2a404f078457d106552d05a7b556d204f7932384e8477513c124749fa2de52eb328961834562bd09924902c6432e40daa408bc
  languageName: node
  linkType: hard

"json-schema-traverse@npm:^0.4.1":
  version: 0.4.1
  resolution: "json-schema-traverse@npm:0.4.1"
  checksum: 7486074d3ba247769fda17d5181b345c9fb7d12e0da98b22d1d71a5db9698d8b4bd900a3ec1a4ffdd60846fc2556274a5c894d0c48795f14cb03aeae7b55260b
  languageName: node
  linkType: hard

"jsonfile@npm:^4.0.0":
  version: 4.0.0
  resolution: "jsonfile@npm:4.0.0"
  dependencies:
    graceful-fs: ^4.1.6
  dependenciesMeta:
    graceful-fs:
      optional: true
  checksum: 6447d6224f0d31623eef9b51185af03ac328a7553efcee30fa423d98a9e276ca08db87d71e17f2310b0263fd3ffa6c2a90a6308367f661dc21580f9469897c9e
  languageName: node
  linkType: hard

"lodash.get@npm:^4.0.0":
  version: 4.4.2
  resolution: "lodash.get@npm:4.4.2"
  checksum: e403047ddb03181c9d0e92df9556570e2b67e0f0a930fcbbbd779370972368f5568e914f913e93f3b08f6d492abc71e14d4e9b7a18916c31fa04bd2306efe545
  languageName: node
  linkType: hard

"lodash.isequal@npm:^4.0.0":
  version: 4.5.0
  resolution: "lodash.isequal@npm:4.5.0"
  checksum: da27515dc5230eb1140ba65ff8de3613649620e8656b19a6270afe4866b7bd461d9ba2ac8a48dcc57f7adac4ee80e1de9f965d89d4d81a0ad52bb3eec2609644
  languageName: node
  linkType: hard

"lru-cache@npm:^6.0.0":
  version: 6.0.0
  resolution: "lru-cache@npm:6.0.0"
  dependencies:
    yallist: ^4.0.0
  checksum: f97f499f898f23e4585742138a22f22526254fdba6d75d41a1c2526b3b6cc5747ef59c5612ba7375f42aca4f8461950e925ba08c991ead0651b4918b7c978297
  languageName: node
  linkType: hard

"path-parse@npm:^1.0.6":
  version: 1.0.7
  resolution: "path-parse@npm:1.0.7"
  checksum: 49abf3d81115642938a8700ec580da6e830dde670be21893c62f4e10bd7dd4c3742ddc603fe24f898cba7eb0c6bc1777f8d9ac14185d34540c6d4d80cd9cae8a
  languageName: node
  linkType: hard

"punycode@npm:^2.1.0":
  version: 2.1.1
  resolution: "punycode@npm:2.1.1"
  checksum: 823bf443c6dd14f669984dea25757b37993f67e8d94698996064035edd43bed8a5a17a9f12e439c2b35df1078c6bec05a6c86e336209eb1061e8025c481168e8
  languageName: node
  linkType: hard

"resolve@patch:resolve@~1.17.0#~builtin<compat/resolve>":
  version: 1.17.0
  resolution: "resolve@patch:resolve@npm%3A1.17.0#~builtin<compat/resolve>::version=1.17.0&hash=00b1ff"
  dependencies:
    path-parse: ^1.0.6
  checksum: a3606308046ca75c0a6350c26df636b64a71904a8e00f3181fd838b46b4fc303c32ae3e694c156eae5d9102cbe194c444f85822d8e6ce30cf7c510e412029908
  languageName: node
  linkType: hard

"resolve@patch:resolve@~1.19.0#~builtin<compat/resolve>":
  version: 1.19.0
  resolution: "resolve@patch:resolve@npm%3A1.19.0#~builtin<compat/resolve>::version=1.19.0&hash=00b1ff"
  dependencies:
    is-core-module: ^2.1.0
    path-parse: ^1.0.6
  checksum: 4714fbea90c3a4b9c14af343f255193ab16bce50782309318e01c3e4113e89df69a2a9fb1f1d9f7791c9c5a52a56f10568ce82df92dbbe184557d309a96808e5
  languageName: node
  linkType: hard

resolve@~1.17.0:
  version: 1.17.0
  resolution: "resolve@npm:1.17.0"
  dependencies:
    path-parse: ^1.0.6
  checksum: 9ceaf83b3429f2d7ff5d0281b8d8f18a1f05b6ca86efea7633e76b8f76547f33800799dfdd24434942dec4fbd9e651ed3aef577d9a6b5ec87ad89c1060e24759
  languageName: node
  linkType: hard

resolve@~1.19.0:
  version: 1.19.0
  resolution: "resolve@npm:1.19.0"
  dependencies:
    is-core-module: ^2.1.0
    path-parse: ^1.0.6
  checksum: a05b356e47b85ad3613d9e2a39a824f3c27f4fcad9c9ff6c7cc71a2e314c5904a90ab37481ad0069d03cab9eaaac6eb68aca1bc3355fdb05f1045cd50e2aacea
  languageName: node
  linkType: hard

"saxes@npm:~5":
  version: 5.0.1
  resolution: "saxes@npm:5.0.1"
  dependencies:
    xmlchars: ^2.2.0
  checksum: 5636b55cf15f7cf0baa73f2797bf992bdcf75d1b39d82c0aa4608555c774368f6ac321cb641fd5f3d3ceb87805122cd47540da6a7b5960fe0dbdb8f8c263f000
  languageName: node
  linkType: hard

"semver@npm:~7.3.0":
  version: 7.3.5
  resolution: "semver@npm:7.3.5"
  dependencies:
    lru-cache: ^6.0.0
  bin:
    semver: bin/semver.js
  checksum: 5eafe6102bea2a7439897c1856362e31cc348ccf96efd455c8b5bc2c61e6f7e7b8250dc26b8828c1d76a56f818a7ee907a36ae9fb37a599d3d24609207001d60
  languageName: node
  linkType: hard

"sprintf-js@npm:~1.0.2":
  version: 1.0.3
  resolution: "sprintf-js@npm:1.0.3"
  checksum: 19d79aec211f09b99ec3099b5b2ae2f6e9cdefe50bc91ac4c69144b6d3928a640bb6ae5b3def70c2e85a2c3d9f5ec2719921e3a59d3ca3ef4b2fd1a4656a0df3
  languageName: node
  linkType: hard

"string-argv@npm:~0.3.1":
  version: 0.3.1
  resolution: "string-argv@npm:0.3.1"
  checksum: efbd0289b599bee808ce80820dfe49c9635610715429c6b7cc50750f0437e3c2f697c81e5c390208c13b5d5d12d904a1546172a88579f6ee5cbaaaa4dc9ec5cf
  languageName: node
  linkType: hard

"timsort@npm:~0.3.0":
  version: 0.3.0
  resolution: "timsort@npm:0.3.0"
  checksum: 1a66cb897dacabd7dd7c91b7e2301498ca9e224de2edb9e42d19f5b17c4b6dc62a8d4cbc64f28be82aaf1541cb5a78ab49aa818f42a2989ebe049a64af731e2a
  languageName: node
  linkType: hard

typescript@^4.4.3:
  version: 4.4.3
  resolution: "typescript@npm:4.4.3"
  bin:
    tsc: bin/tsc
    tsserver: bin/tsserver
  checksum: 05823f21796d450531a7e4ab299715d38fd9ded0e4ce7400876053f4b5166ca3dde7a68cecfe72d9086039f03c0b6edba36516fb10ed83c5837d9600532ea4c2
  languageName: node
  linkType: hard

"typescript@patch:typescript@^4.4.3#~builtin<compat/typescript>":
  version: 4.4.3
  resolution: "typescript@patch:typescript@npm%3A4.4.3#~builtin<compat/typescript>::version=4.4.3&hash=32657b"
  bin:
    tsc: bin/tsc
    tsserver: bin/tsserver
  checksum: 28ab98313afab46788ff41014fdb5932430ada6e03cf9e92ac47f406526a2cac1ae2894834e7da61e46b7429318e9c47f45ba8de323332f0cb9af99b72ebae74
  languageName: node
  linkType: hard

"universalify@npm:^0.1.0":
  version: 0.1.2
  resolution: "universalify@npm:0.1.2"
  checksum: 40cdc60f6e61070fe658ca36016a8f4ec216b29bf04a55dce14e3710cc84c7448538ef4dad3728d0bfe29975ccd7bfb5f414c45e7b78883567fb31b246f02dff
  languageName: node
  linkType: hard

"uri-js@npm:^4.2.2":
  version: 4.4.1
  resolution: "uri-js@npm:4.4.1"
  dependencies:
    punycode: ^2.1.0
  checksum: 7167432de6817fe8e9e0c9684f1d2de2bb688c94388f7569f7dbdb1587c9f4ca2a77962f134ec90be0cc4d004c939ff0d05acc9f34a0db39a3c797dada262633
  languageName: node
  linkType: hard

"validator@npm:^8.0.0":
  version: 8.2.0
  resolution: "validator@npm:8.2.0"
  checksum: a249ffd5a565704d19ed213da3e5003509f3fb4181577892e1d4520d24e49ea1f0c260708df07c8532089d0937431c5ece8af347a65b1310a3fa4e3945928e62
  languageName: node
  linkType: hard

"xmlchars@npm:^2.2.0":
  version: 2.2.0
  resolution: "xmlchars@npm:2.2.0"
  checksum: 8c70ac94070ccca03f47a81fcce3b271bd1f37a591bf5424e787ae313fcb9c212f5f6786e1fa82076a2c632c0141552babcd85698c437506dfa6ae2d58723062
  languageName: node
  linkType: hard

"xmlsplit@workspace:.":
  version: 0.0.0-use.local
  resolution: "xmlsplit@workspace:."
  dependencies:
    "@microsoft/api-documenter": ^7.13.48
    "@microsoft/tsdoc": ^0.13.2
    "@tsconfig/node16": ^1.0.2
    "@types/node": ^16.9.1
    saxes: ~5
    typescript: ^4.4.3
  languageName: unknown
  linkType: soft

"yallist@npm:^4.0.0":
  version: 4.0.0
  resolution: "yallist@npm:4.0.0"
  checksum: 343617202af32df2a15a3be36a5a8c0c8545208f3d3dfbc6bb7c3e3b7e8c6f8e7485432e4f3b88da3031a6e20afa7c711eded32ddfb122896ac5d914e75848d5
  languageName: node
  linkType: hard

"z-schema@npm:~3.18.3":
  version: 3.18.4
  resolution: "z-schema@npm:3.18.4"
  dependencies:
    commander: ^2.7.1
    lodash.get: ^4.0.0
    lodash.isequal: ^4.0.0
    validator: ^8.0.0
  dependenciesMeta:
    commander:
      optional: true
  bin:
    z-schema: ./bin/z-schema
  checksum: 837f0a4794eacd589c0aca313f19caf8bed075ad77cd2af29e051d08e71131b375af5ff8d7f1c2cc3a7a916c4e4cc8ab6c30bf5c9882b9f7728515b2d2542c23
  languageName: node
  linkType: hard
